{
    "_meta": {
        "hash": {
            "sha256": "9040b9d8fef536c34d3b92c27098ab206e390945c132dd88b6bbdbf75ee5c30f"
        },
        "host-environment-markers": {
            "implementation_name": "cpython",
            "implementation_version": "3.5.1",
            "os_name": "posix",
            "platform_machine": "x86_64",
            "platform_python_implementation": "CPython",
            "platform_release": "17.4.0",
            "platform_system": "Darwin",
            "platform_version": "Darwin Kernel Version 17.4.0: Sun Dec 17 09:19:54 PST 2017; root:xnu-4570.41.2~1/RELEASE_X86_64",
            "python_full_version": "3.5.1",
            "python_version": "3.5",
            "sys_platform": "darwin"
        },
        "pipfile-spec": 6,
        "requires": {
            "python_version": "3.5"
        },
        "sources": [
            {
                "name": "pypi",
                "url": "https://pypi.python.org/simple",
                "verify_ssl": true
            }
        ]
    },
    "default": {
        "absl-py": {
            "hashes": [
                "sha256:908eba9a96a37c10f10074aba57d685070b814906b02a1ea2cf54bb10a6b8c74"
            ],
            "version": "==0.1.10"
        },
        "bleach": {
            "hashes": [
                "sha256:e67f46adcec78dbc3c04462f3aba3213a673d5652eba2609ed1ef15492a44b8d",
                "sha256:978e758599b54cd3caa2e160d74102879b230ea8dc93871d0783721eef58bc65"
            ],
            "version": "==1.5.0"
        },
        "click": {
            "hashes": [
                "sha256:29f99fc6125fbc931b758dc053b3114e55c77a6e4c6c3a2674a2dc986016381d",
                "sha256:f15516df478d5a56180fbf80e68f206010e6d160fc39fa508b65e035fd75130b"
            ],
            "version": "==6.7"
        },
        "cloudpickle": {
            "hashes": [
                "sha256:604c1cb39c2043ba44f017444dd89b7f82541701dfa8a64f5ae72e6346755c0b",
                "sha256:b0e63dd89ed5285171a570186751bc9b84493675e99e12789e9a5dc5490ef554"
            ],
            "version": "==0.5.2"
        },
        "dask": {
            "hashes": [
                "sha256:4d33b4e80894bfb93ce0ae7975de6f7d1785da93b20f433ed4194da4c2fddcbb",
                "sha256:07a0609ce053c8c2675037e6d5242899f90ecfb5262e1d0b2d7264fe8814099c"
            ],
            "version": "==0.16.1"
        },
        "distributed": {
            "hashes": [
                "sha256:e1c54a8a48914bad5e09940505caa2d524a0331ea9075943899eabd6818e7400",
                "sha256:08b835a34d80a618c62e2047c52d04ed5956cf63f74fc9996ee32cf9066c1ae3"
            ],
            "version": "==1.20.2"
        },
        "futures": {
            "hashes": [
                "sha256:c4884a65654a7c45435063e14ae85280eb1f111d94e542396717ba9828c4337f",
                "sha256:51ecb45f0add83c806c68e4b06106f90db260585b25ef2abfcda0bd95c0132fd"
            ],
            "version": "==3.1.1"
        },
        "heapdict": {
            "hashes": [
                "sha256:40c9e3680616cfdf942f77429a3a9e0a76f31ce965d62f4ffbe63a83a5ef1b5a"
            ],
            "version": "==1.0.0"
        },
        "html5lib": {
            "hashes": [
                "sha256:2612a191a8d5842bfa057e41ba50bbb9dcb722419d2408c78cff4758d0754868"
            ],
            "version": "==0.9999999"
        },
        "locket": {
            "hashes": [
                "sha256:1fee63c1153db602b50154684f5725564e63a0f6d09366a1cb13dffcec179fb4"
            ],
            "version": "==0.2.0"
        },
        "markdown": {
            "hashes": [
                "sha256:9ba587db9daee7ec761cfc656272be6aabe2ed300fece21208e4aab2e457bc8f",
                "sha256:a856869c7ff079ad84a3e19cd87a64998350c2b94e9e08e44270faef33400f81"
            ],
            "version": "==2.6.11"
        },
        "msgpack-python": {
            "hashes": [
                "sha256:c1f3f8d02206f84258a3b4f99fbc0a4e3c849721c9361196c3bfd5243e4304cd"
            ],
            "version": "==0.5.4"
        },
        "numpy": {
            "hashes": [
                "sha256:428cd3c0b197cf857671353d8c85833193921af9fafcc169a1f29c7185833d50",
                "sha256:a476e437d73e5754aa66e1e75840d0163119c3911b7361f4cd06985212a3c3fb",
                "sha256:289ff717138cd9aa133adcbd3c3e284458b9c8230db4d42b39083a3407370317",
                "sha256:c5eccb4bf96dbb2436c61bb3c2658139e779679b6ae0d04c5e268e6608b58053",
                "sha256:75471acf298d455b035226cc609a92aee42c4bb6aa71def85f77fa2c2b646b61",
                "sha256:5c54fb98ecf42da59ed93736d1c071842482b18657eb16ba6e466bd873e1b923",
                "sha256:9ddf384ac3aacb72e122a8207775cc29727cbd9c531ee1a4b95754f24f42f7f3",
                "sha256:781d3197da49c421a07f250750de70a52c42af08ca02a2f7bdb571c0625ae7eb",
                "sha256:93b26d6c06a22e64d56aaca32aaaffd27a4143db0ac2f21a048f0b571f2bfc55",
                "sha256:b2547f57d05ba59df4289493254f29f4c9082d255f1f97b7e286f40f453e33a1",
                "sha256:eef6af1c752eef538a96018ef9bdf8e37bbf28aab50a1436501a4aa47a6467df",
                "sha256:ff8a4b2c3ac831964f529a2da506c28d002562b230261ae5c16885f5f53d2e75",
                "sha256:194074058c22a4066e1b6a4ea432486ee468d24ab16f13630c1030409e6b8666",
                "sha256:4e13f1a848fde960dea33702770265837c72b796a6a3eaac7528cfe75ddefadd",
                "sha256:91101216d72749df63968d86611b549438fb18af2c63849c01f9a897516133c7",
                "sha256:97507349abb7d1f6b76b877258defe8720833881dc7e7fd052bac90c88587387",
                "sha256:1479b46b6040b5c689831496354c8859c456b152d37315673a0c18720b41223b",
                "sha256:98b1ac79c160e36093d7914244e40ee1e7164223e795aa2c71dcce367554e646",
                "sha256:24bbec9a199f938eab75de8390f410969bc33c218e5430fa1ae9401b00865255",
                "sha256:7880f412543e96548374a4bb1d75e4cdb8cad80f3a101ed0f8d0e0428f719c1c",
                "sha256:6112f152b76a28c450bbf665da11757078a724a90330112f5b7ea2d6b6cefd67",
                "sha256:7c5276763646480143d5f3a6c2acb2885460c765051a1baf4d5070f63d05010f",
                "sha256:3de643935b212307b420248018323a44ec51987a336d1d747c1322afc3c099fb"
            ],
            "version": "==1.14.0"
        },
        "pandas": {
            "hashes": [
                "sha256:68ac484e857dcbbd07ea7c6f516cc67f7f143f5313d9bc661470e7f473528882",
                "sha256:12f2a19d0b0adf31170d98d0e8bcbc59add0965a9b0c65d39e0665400491c0c5",
                "sha256:68b121d13177f5128a4c118bb4f73ba40df28292c038389961aa55ea5a996427",
                "sha256:06efae5c00b9f4c6e6d3fe1eb52e590ff0ea8e5cb58032c724e04d31c540de53",
                "sha256:02541a4fdd31315f213a5c8e18708abad719ee03eda05f603c4fe973e9b9d770",
                "sha256:2907f3fe91ca2119ac3c38de6891bbbc83333bfe0d98309768fee28de563ee7a",
                "sha256:052a66f58783a59ea38fdfee25de083b107baa81fdbe38fabd169d0f9efce2bf",
                "sha256:244ae0b9e998cfa88452a49b20e29bf582cc7c0e69093876d505aec4f8e1c7fe",
                "sha256:66403162c8b45325a995493bdd78ad4d8be085e527d721dbfa773d56fbba9c88",
                "sha256:af0dbac881f6f87acd325415adea0ce8cccf28f5d4ad7a54b6a1e176e2f7bf70",
                "sha256:c2cd884794924687edbaad40d18ac984054d247bb877890932c4d41e3c3aba31",
                "sha256:c372db80a5bcb143c9cb254d50f902772c3b093a4f965275197ec2d2184b1e61",
                "sha256:97c8223d42d43d86ca359a57b4702ca0529c6553e83d736e93a5699951f0f8db",
                "sha256:587a9816cc663c958fcff7907c553b73fe196604f990bc98e1b71ebf07e45b44",
                "sha256:44a94091dd71f05922eec661638ec1a35f26d573c119aa2fad964f10a2880e6c"
            ],
            "version": "==0.22.0"
        },
        "partd": {
            "hashes": [
                "sha256:041ef0bd589e2d803b6ff6ac2b559adadcaf40a161a8eeb5a367d5e0f399ac1e",
                "sha256:67291f1c4827cde3e0148b3be5d69af64b6d6169feb9ba88f0a6cfe77089400f"
            ],
            "version": "==0.3.8"
        },
        "protobuf": {
            "hashes": [
                "sha256:11788df3e176f44e0375fe6361342d7258a457b346504ea259a21b77ffc18a90",
                "sha256:50c24f0d00b7efb3a72ae638ddc118e713cfe8cef40527afe24f7ebcb878e46d",
                "sha256:41661f9a442eba2f1967f15333ebe9ecc7e7c51bcbaa2972303ad33a4ca0168e",
                "sha256:06ec363b74bceb7d018f2171e0892f03ab6816530e2b0f77d725a58264551e48",
                "sha256:b20f861b55efd8206428c13e017cc8e2c34b40b2a714446eb202bbf0ff7597a6",
                "sha256:c1f9c36004a7ae6f1ce4a23f06070f6b07f57495f251851aa15cc4da16d08378",
                "sha256:4d2e665410b0a278d2eb2c0a529ca2366bb325eb2ae34e189a826b71fb1b28cd",
                "sha256:95b78959572de7d7fafa3acb718ed71f482932ddddddbd29ba8319c10639d863"
            ],
            "version": "==3.5.1"
        },
        "psutil": {
            "hashes": [
                "sha256:82a06785db8eeb637b349006cc28a92e40cd190fefae9875246d18d0de7ccac8",
                "sha256:4152ae231709e3e8b80e26b6da20dc965a1a589959c48af1ed024eca6473f60d",
                "sha256:230eeb3aeb077814f3a2cd036ddb6e0f571960d327298cc914c02385c3e02a63",
                "sha256:a3286556d4d2f341108db65d8e20d0cd3fcb9a91741cb5eb496832d7daf2a97c",
                "sha256:94d4e63189f2593960e73acaaf96be235dd8a455fe2bcb37d8ad6f0e87f61556",
                "sha256:c91eee73eea00df5e62c741b380b7e5b6fdd553891bee5669817a3a38d036f13",
                "sha256:779ec7e7621758ca11a8d99a1064996454b3570154277cc21342a01148a49c28",
                "sha256:8a15d773203a1277e57b1d11a7ccdf70804744ef4a9518a87ab8436995c31a4b",
                "sha256:e2467e9312c2fa191687b89ff4bc2ad8843be4af6fb4dc95a7cc5f7d7a327b18"
            ],
            "version": "==5.4.3"
        },
        "python-dateutil": {
            "hashes": [
                "sha256:95511bae634d69bc7329ba55e646499a842bc4ec342ad54a8cdb65645a0aad3c",
                "sha256:891c38b2a02f5bb1be3e4793866c8df49c7d19baabf9c1bad62547e0b4866aca"
            ],
            "version": "==2.6.1"
        },
        "pytz": {
            "hashes": [
                "sha256:80af0f3008046b9975242012a985f04c5df1f01eed4ec1633d56cc47a75a6a48",
                "sha256:feb2365914948b8620347784b6b6da356f31c9d03560259070b2f30cff3d469d",
                "sha256:59707844a9825589878236ff2f4e0dc9958511b7ffaae94dc615da07d4a68d33",
                "sha256:d0ef5ef55ed3d37854320d4926b04a4cb42a2e88f71da9ddfdacfde8e364f027",
                "sha256:c41c62827ce9cafacd6f2f7018e4f83a6f1986e87bfd000b8cfbd4ab5da95f1a",
                "sha256:8cc90340159b5d7ced6f2ba77694d946fc975b09f1a51d93f3ce3bb399396f94",
                "sha256:dd2e4ca6ce3785c8dd342d1853dd9052b19290d5bf66060846e5dc6b8d6667f7",
                "sha256:699d18a2a56f19ee5698ab1123bbcc1d269d061996aeb1eda6d89248d3542b82",
                "sha256:fae4cffc040921b8a2d60c6cf0b5d662c1190fe54d718271db4eb17d44a185b7"
            ],
            "version": "==2017.3"
        },
        "ruamel.yaml": {
            "hashes": [
                "sha256:b0bcd8d11bd06fc041a72e95f7bb0769483f20b3fdbefc252a3643d0b74e0bd3",
                "sha256:20d239c8e61905debb85979acb0773b261651fdb2422a796e61d25ba9852ad03",
                "sha256:16520c1da7a02b02df711791dfd72e9a6709f842ecab0ffcb5f0781586fad665",
                "sha256:ab2dd4a86816d14027bb11ad2e41a2e59114bc48c9f9f27994b3598ccb00683e",
                "sha256:95371af26123c5c3a2f0a121444cf5197d3e6dac83ba76a2351499c328694471",
                "sha256:b03ac00d603e30f7a030eb2ac69787313051f6fa0c84ca09ea461fb5f67b749b",
                "sha256:f9f4a50422acf4a6ab55b568ae879b3ceb62e8e62a60022cb88816c17e40782e"
            ],
            "version": "==0.15.0"
        },
        "six": {
            "hashes": [
                "sha256:832dc0e10feb1aa2c68dcc57dbb658f1c7e65b9b61af69048abc87a2db00a0eb",
                "sha256:70e8a77beed4562e7f14fe23a786b54f6296e34344c23bc42f07b15018ff98e9"
            ],
            "version": "==1.11.0"
        },
        "sortedcontainers": {
            "hashes": [
                "sha256:fb9e22cd6ee4b459f0d7b9b4189b19631031c72ac05715563139162014c13672",
                "sha256:844daced0f20d75c02ce53f373d048ea2e401ad8a7b3a4c43b2aa544b569efb3"
            ],
            "version": "==1.5.9"
        },
        "tblib": {
            "hashes": [
                "sha256:9bae4b8c44b06af0e114bfc4d5f6aa3eafd2119af5a4dcab34f51f1665f16c59",
                "sha256:436e4200e63d92316551179dc540906652878df4ff39b43db30fcf6400444fe7"
            ],
            "version": "==1.3.2"
        },
        "tensorflow": {
            "hashes": [
                "sha256:f2cd917568a84f77cf9ce1d187742b613bdc56d686a74eac9dea85c753b93c47",
                "sha256:aa99f4ca738978eeea308a2c8a97fcac3cdbbb0080c9c8259c78af018abb95e9",
                "sha256:f2ad6fa016b48f9779933590c9f59731b2f304991cd49af799f3456e6e3ed8bf",
                "sha256:0b02de3fc68211c640947d8b7d1936ceacbddacb0556492c83fa8da87cf5213a",
                "sha256:1e954402fb2e2dbcaa9a707cb019885da578b5b17e5a1919d8e0cdb5e01f9a29",
                "sha256:88d2def224a763cbfa421ba63bdd42505c2a792abb7c640a2842a98a09e2344e",
                "sha256:9a4440e4aa54ac686946293a3f6db1da9595a08752ecab9fedee286ede330445",
                "sha256:ff80dd3b7e40d65dd0ba0311a09b524d4512b8921ec19c0c1287469fc42eecd2",
                "sha256:082b64b2399076941d89cd234fbd0a64298282ea3b7039eddc85e9054a4e3d0e",
                "sha256:35c1f26b90abbb1756b7da26f30bef93c3fac0bea0c6110766aff2640bd957d5",
                "sha256:1257ff741bc7238329da5c48cee4e2def142e788084977416706e180dc3a65a7",
                "sha256:4f1e893fecce5dbacb2a6488d3680229c0027406e4b435b0814ef224ae9189fd"
            ],
            "version": "==1.5.0"
        },
        "tensorflow-tensorboard": {
            "hashes": [
                "sha256:663986f43e3283cd08f6feb8a2dede39fb2ca53d992b15b5c50858592a03f72f",
                "sha256:4157520a6f72e40d50509e31231394f2fed4022400dd2763d1f2d0edc86b47cf"
            ],
            "version": "==1.5.0"
        },
        "toolz": {
            "hashes": [
                "sha256:929f0a7ea7f61c178bd951bdae93920515d3fbdbafc8e6caf82d752b9b3b31c9"
            ],
            "version": "==0.9.0"
        },
        "tornado": {
            "hashes": [
                "sha256:92b7ca81e18ba9ec3031a7ee73d4577ac21d41a0c9b775a9182f43301c3b5f8e",
                "sha256:b36298e9f63f18cad97378db2222c0e0ca6a55f6304e605515e05a25483ed51a",
                "sha256:ab587996fe6fb9ce65abfda440f9b61e4f9f2cf921967723540679176915e4c3",
                "sha256:5ef073ac6180038ccf99411fe05ae9aafb675952a2c8db60592d5daf8401f803",
                "sha256:6d14e47eab0e15799cf3cdcc86b0b98279da68522caace2bd7ce644287685f0a"
            ],
            "version": "==4.5.3"
        },
        "werkzeug": {
            "hashes": [
                "sha256:d5da73735293558eb1651ee2fddc4d0dedcfa06538b8813a2e20011583c9e49b",
                "sha256:c3fd7a7d41976d9f44db327260e263132466836cef6f91512889ed60ad26557c"
            ],
            "version": "==0.14.1"
        },
        "wheel": {
            "hashes": [
                "sha256:e721e53864f084f956f40f96124a74da0631ac13fbbd1ba99e8e2b5e9cafdf64",
                "sha256:9515fe0a94e823fd90b08d22de45d7bde57c90edce705b22f5e1ecf7e1b653c8"
            ],
            "version": "==0.30.0"
        },
        "zict": {
            "hashes": [
                "sha256:c7fbbd9d93f9bb8f2dd85c680fa74abcb7d399d20a1640c2382a567eb5dc15e5",
                "sha256:63377f063086fc92e5c16e4d02162c571f6470b9e796cf3411ef9e815c96b799"
            ],
            "version": "==0.1.3"
        }
    },
    "develop": {}
}
